// !$*UTF8*$!
{
	archiveVersion = 1;
	classes = {
	};
	objectVersion = 46;
	objects = {

/* Begin PBXBuildFile section */
		792906A91F6012EC002FF77F /* AppDelegate.swift in Sources */ = {isa = PBXBuildFile; fileRef = 792906A81F6012EC002FF77F /* AppDelegate.swift */; };
		792906AB1F6012EC002FF77F /* ViewController.swift in Sources */ = {isa = PBXBuildFile; fileRef = 792906AA1F6012EC002FF77F /* ViewController.swift */; };
		792906AE1F6012EC002FF77F /* Main.storyboard in Resources */ = {isa = PBXBuildFile; fileRef = 792906AC1F6012EC002FF77F /* Main.storyboard */; };
		792906B01F6012EC002FF77F /* Assets.xcassets in Resources */ = {isa = PBXBuildFile; fileRef = 792906AF1F6012EC002FF77F /* Assets.xcassets */; };
		792906B31F6012EC002FF77F /* LaunchScreen.storyboard in Resources */ = {isa = PBXBuildFile; fileRef = 792906B11F6012EC002FF77F /* LaunchScreen.storyboard */; };
/* End PBXBuildFile section */

/* Begin PBXFileReference section */
		792906A51F6012EC002FF77F /* QRGenerate.app */ = {isa = PBXFileReference; explicitFileType = wrapper.application; includeInIndex = 0; path = QRGenerate.app; sourceTree = BUILT_PRODUCTS_DIR; };
		792906A81F6012EC002FF77F /* AppDelegate.swift */ = {isa = PBXFileReference; lastKnownFileType = sourcecode.swift; path = AppDelegate.swift; sourceTree = "<group>"; };
		792906AA1F6012EC002FF77F /* ViewController.swift */ = {isa = PBXFileReference; lastKnownFileType = sourcecode.swift; path = ViewController.swift; sourceTree = "<group>"; };
		792906AD1F6012EC002FF77F /* Base */ = {isa = PBXFileReference; lastKnownFileType = file.storyboard; name = Base; path = Base.lproj/Main.storyboard; sourceTree = "<group>"; };
		792906AF1F6012EC002FF77F /* Assets.xcassets */ = {isa = PBXFileReference; lastKnownFileType = folder.assetcatalog; path = Assets.xcassets; sourceTree = "<group>"; };
		792906B21F6012EC002FF77F /* Base */ = {isa = PBXFileReference; lastKnownFileType = file.storyboard; name = Base; path = Base.lproj/LaunchScreen.storyboard; sourceTree = "<group>"; };
		792906B41F6012EC002FF77F /* Info.plist */ = {isa = PBXFileReference; lastKnownFileType = text.plist.xml; path = Info.plist; sourceTree = "<group>"; };
/* End PBXFileReference section */

/* Begin PBXFrameworksBuildPhase section */
		792906A21F6012EC002FF77F /* Frameworks */ = {
			isa = PBXFrameworksBuildPhase;
			buildActionMask = 2147483647;
			files = (
			);
			runOnlyForDeploymentPostprocessing = 0;
		};
/* End PBXFrameworksBuildPhase section */

/* Begin PBXGroup section */
		7929069C1F6012EC002FF77F = {
			isa = PBXGroup;
			children = (
				792906A71F6012EC002FF77F /* QRGenerate */,
				792906A61F6012EC002FF77F /* Products */,
			);
			sourceTree = "<group>";
		};
		792906A61F6012EC002FF77F /* Products */ = {
			isa = PBXGroup;
			children = (
				792906A51F6012EC002FF77F /* QRGenerate.app */,
			);
			name = Products;
			sourceTree = "<group>";
		};
		792906A71F6012EC002FF77F /* QRGenerate */ = {
			isa = PBXGroup;
			children = (
				792906A81F6012EC002FF77F /* AppDelegate.swift */,
				792906AA1F6012EC002FF77F /* ViewController.swift */,
				792906AC1F6012EC002FF77F /* Main.storyboard */,
				792906AF1F6012EC002FF77F /* Assets.xcassets */,
				792906B11F6012EC002FF77F /* LaunchScreen.storyboard */,
				792906B41F6012EC002FF77F /* Info.plist */,
			);
			path = QRGenerate;
			sourceTree = "<group>";
		};
/* End PBXGroup section */

/* Begin PBXNativeTarget section */
		792906A41F6012EC002FF77F /* QRGenerate */ = {
			isa = PBXNativeTarget;
			buildConfigurationList = 792906B71F6012ED002FF77F /* Build configuration list for PBXNativeTarget "QRGenerate" */;
			buildPhases = (
				792906A11F6012EC002FF77F /* Sources */,
				792906A21F6012EC002FF77F /* Frameworks */,
				792906A31F6012EC002FF77F /* Resources */,
			);
			buildRules = (
			);
			dependencies = (
			);
			name = QRGenerate;
			productName = QRGenerate;
			productReference = 792906A51F6012EC002FF77F /* QRGenerate.app */;
			productType = "com.apple.product-type.application";
		};
/* End PBXNativeTarget section */

/* Begin PBXProject section */
		7929069D1F6012EC002FF77F /* Project object */ = {
			isa = PBXProject;
			attributes = {
				LastSwiftUpdateCheck = 0830;
				LastUpgradeCheck = 0830;
				ORGANIZATIONNAME = RuVi.apps;
				TargetAttributes = {
					792906A41F6012EC002FF77F = {
						CreatedOnToolsVersion = 8.3.2;
						ProvisioningStyle = Automatic;
					};
				};
			};
			buildConfigurationList = 792906A01F6012EC002FF77F /* Build configuration list for PBXProject "QRGenerate" */;
			compatibilityVersion = "Xcode 3.2";
			developmentRegion = English;
			hasScannedForEncodings = 0;
			knownRegions = (
				en,
				Base,
			);
			mainGroup = 7929069C1F6012EC002FF77F;
			productRefGroup = 792906A61F6012EC002FF77F /* Products */;
			projectDirPath = "";
			projectRoot = "";
			targets = (
				792906A41F6012EC002FF77F /* QRGenerate */,
			);
		};
/* End PBXProject section */

/* Begin PBXResourcesBuildPhase section */
		792906A31F6012EC002FF77F /* Resources */ = {
			isa = PBXResourcesBuildPhase;
			buildActionMask = 2147483647;
			files = (
				792906B31F6012EC002FF77F /* LaunchScreen.storyboard in Resources */,
				792906B01F6012EC002FF77F /* Assets.xcassets in Resources */,
				792906AE1F6012EC002FF77F /* Main.storyboard in Resources */,
			);
			runOnlyForDeploymentPostprocessing = 0;
		};
/* End PBXResourcesBuildPhase section */

/* Begin PBXSourcesBuildPhase section */
		792906A11F6012EC002FF77F /* Sources */ = {
			isa = PBXSourcesBuildPhase;
			buildActionMask = 2147483647;
			files = (
				792906AB1F6012EC002FF77F /* ViewController.swift in Sources */,
				792906A91F6012EC002FF77F /* AppDelegate.swift in Sources */,
			);
			runOnlyForDeploymentPostprocessing = 0;
		};
/* End PBXSourcesBuildPhase section */

/* Begin PBXVariantGroup section */
		792906AC1F6012EC002FF77F /* Main.storyboard */ = {
			isa = PBXVariantGroup;
			children = (
				792906AD1F6012EC002FF77F /* Base */,
			);
			name = Main.storyboard;
			sourceTree = "<group>";
		};
		792906B11F6012EC002FF77F /* LaunchScreen.storyboard */ = {
			isa = PBXVariantGroup;
			children = (
				792906B21F6012EC002FF77F /* Base */,
			);
			name = LaunchScreen.storyboard;
			sourceTree = "<group>";
		};
/* End PBXVariantGroup section */

/* Begin XCBuildConfiguration section */
		792906B51F6012ED002FF77F /* Debug */ = {
			isa = XCBuildConfiguration;
			buildSettings = {
				ALWAYS_SEARCH_USER_PATHS = NO;
				CLANG_ANALYZER_NONNULL = YES;
				CLANG_ANALYZER_NUMBER_OBJECT_CONVERSION = YES_AGGRESSIVE;
				CLANG_CXX_LANGUAGE_STANDARD = "gnu++0x";
				CLANG_CXX_LIBRARY = "libc++";
				CLANG_ENABLE_MODULES = YES;
				CLANG_ENABLE_OBJC_ARC = YES;
				CLANG_WARN_BOOL_CONVERSION = YES;
				CLANG_WARN_CONSTANT_CONVERSION = YES;
				CLANG_WARN_DIRECT_OBJC_ISA_USAGE = YES_ERROR;
				CLANG_WARN_DOCUMENTATION_COMMENTS = YES;
				CLANG_WARN_EMPTY_BODY = YES;
				CLANG_WARN_ENUM_CONVERSION = YES;
				CLANG_WARN_INFINITE_RECURSION = YES;
				CLANG_WARN_INT_CONVERSION = YES;
				CLANG_WARN_OBJC_ROOT_CLASS = YES_ERROR;
				CLANG_WARN_SUSPICIOUS_MOVE = YES;
				CLANG_WARN_UNREACHABLE_CODE = YES;
				CLANG_WARN__DUPLICATE_METHOD_MATCH = YES;
				"CODE_SIGN_IDENTITY[sdk=iphoneos*]" = "iPhone Developer";
				COPY_PHASE_STRIP = NO;
				DEBUG_INFORMATION_FORMAT = dwarf;
				ENABLE_STRICT_OBJC_MSGSEND = YES;
				ENABLE_TESTABILITY = YES;
				GCC_C_LANGUAGE_STANDARD = gnu99;
				GCC_DYNAMIC_NO_PIC = NO;
				GCC_NO_COMMON_BLOCKS = YES;
				GCC_OPTIMIZATION_LEVEL = 0;
				GCC_PREPROCESSOR_DEFINITIONS = (
					"DEBUG=1",
					"$(inherited)",
				);
				GCC_WARN_64_TO_32_BIT_CONVERSION = YES;
				GCC_WARN_ABOUT_RETURN_TYPE = YES_ERROR;
				GCC_WARN_UNDECLARED_SELECTOR = YES;
				GCC_WARN_UNINITIALIZED_AUTOS = YES_AGGRESSIVE;
				GCC_WARN_UNUSED_FUNCTION = YES;
				GCC_WARN_UNUSED_VARIABLE = YES;
				IPHONEOS_DEPLOYMENT_TARGET = 10.3;
				MTL_ENABLE_DEBUG_INFO = YES;
				ONLY_ACTIVE_ARCH = YES;
				SDKROOT = iphoneos;
				SWIFT_ACTIVE_COMPILATION_CONDITIONS = DEBUG;
				SWIFT_OPTIMIZATION_LEVEL = "-Onone";
				TARGETED_DEVICE_FAMILY = "1,2";
			};
			name = Debug;
		};
		792906B61F6012ED002FF77F /* Release */ = {
			isa = XCBuildConfiguration;
			buildSettings = {
				ALWAYS_SEARCH_USER_PATHS = NO;
				CLANG_ANALYZER_NONNULL = YES;
				CLANG_ANALYZER_NUMBER_OBJECT_CONVERSION = YES_AGGRESSIVE;
				CLANG_CXX_LANGUAGE_STANDARD = "gnu++0x";
				CLANG_CXX_LIBRARY = "libc++";
				CLANG_ENABLE_MODULES = YES;
				CLANG_ENABLE_OBJC_ARC = YES;
				CLANG_WARN_BOOL_CONVERSION = YES;
				CLANG_WARN_CONSTANT_CONVERSION = YES;
				CLANG_WARN_DIRECT_OBJC_ISA_USAGE = YES_ERROR;
				CLANG_WARN_DOCUMENTATION_COMMENTS = YES;
				CLANG_WARN_EMPTY_BODY = YES;
				CLANG_WARN_ENUM_CONVERSION = YES;
				CLANG_WARN_INFINITE_RECURSION = YES;
				CLANG_WARN_INT_CONVERSION = YES;
				CLANG_WARN_OBJC_ROOT_CLASS = YES_ERROR;
				CLANG_WARN_SUSPICIOUS_MOVE = YES;
				CLANG_WARN_UNREACHABLE_CODE = YES;
				CLANG_WARN__DUPLICATE_METHOD_MATCH = YES;
				"CODE_SIGN_IDENTITY[sdk=iphoneos*]" = "iPhone Developer";
				COPY_PHASE_STRIP = NO;
				DEBUG_INFORMATION_FORMAT = "dwarf-with-dsym";
				ENABLE_NS_ASSERTIONS = NO;
				ENABLE_STRICT_OBJC_MSGSEND = YES;
				GCC_C_LANGUAGE_STANDARD = gnu99;
				GCC_NO_COMMON_BLOCKS = YES;
				GCC_WARN_64_TO_32_BIT_CONVERSION = YES;
				GCC_WARN_ABOUT_RETURN_TYPE = YES_ERROR;
				GCC_WARN_UNDECLARED_SELECTOR = YES;
				GCC_WARN_UNINITIALIZED_AUTOS = YES_AGGRESSIVE;
				GCC_WARN_UNUSED_FUNCTION = YES;
				GCC_WARN_UNUSED_VARIABLE = YES;
				IPHONEOS_DEPLOYMENT_TARGET = 10.3;
				MTL_ENABLE_DEBUG_INFO = NO;
				SDKROOT = iphoneos;
				SWIFT_OPTIMIZATION_LEVEL = "-Owholemodule";
				TARGETED_DEVICE_FAMILY = "1,2";
				VALIDATE_PRODUCT = YES;
			};
			name = Release;
		};
		792906B81F6012ED002FF77F /* Debug */ = {
			isa = XCBuildConfiguration;
			buildSettings = {
				ASSETCATALOG_COMPILER_APPICON_NAME = AppIcon;
				INFOPLIST_FILE = QRGenerate/Info.plist;
				LD_RUNPATH_SEARCH_PATHS = "$(inherited) @executable_path/Frameworks";
				PRODUCT_BUNDLE_IDENTIFIER = Ruvi.apps.com.QRGenerate;
				PRODUCT_NAME = "$(TARGET_NAME)";
				SWIFT_VERSION = 3.0;
			};
			name = Debug;
		};
		792906B91F6012ED002FF77F /* Release */ = {
			isa = XCBuildConfiguration;
			buildSettings = {
				ASSETCATALOG_COMPILER_APPICON_NAME = AppIcon;
				INFOPLIST_FILE = QRGenerate/Info.plist;
				LD_RUNPATH_SEARCH_PATHS = "$(inherited) @executable_path/Frameworks";
				PRODUCT_BUNDLE_IDENTIFIER = Ruvi.apps.com.QRGenerate;
				PRODUCT_NAME = "$(TARGET_NAME)";
				SWIFT_VERSION = 3.0;
			};
			name = Release;
		};
/* End XCBuildConfiguration section */

/* Begin XCConfigurationList section */
		792906A01F6012EC002FF77F /* Build configuration list for PBXProject "QRGenerate" */ = {
			isa = XCConfigurationList;
			buildConfigurations = (
				792906B51F6012ED002FF77F /* Debug */,
				792906B61F6012ED002FF77F /* Release */,
			);
			defaultConfigurationIsVisible = 0;
			defaultConfigurationName = Release;
		};
		792906B71F6012ED002FF77F /* Build configuration list for PBXNativeTarget "QRGenerate" */ = {
			isa = XCConfigurationList;
			buildConfigurations = (
				792906B81F6012ED002FF77F /* Debug */,
				792906B91F6012ED002FF77F /* Release */,
			);
			defaultConfigurationIsVisible = 0;
		};
/* End XCConfigurationList section */
	};
	rootObject = 7929069D1F6012EC002FF77F /* Project object */;
}
